
Microsoft Visual Studio Solution File, Format Version 12.00
# Visual Studio Version 16
VisualStudioVersion = 16.0.29709.97
MinimumVisualStudioVersion = 10.0.40219.1
Project("{FAE04EC0-301F-11D3-BF4B-00C04F79EFBC}") = "Lesson6_ALevel", "Lesson6_ALevel\Lesson6_ALevel.csproj", "{2542329F-423B-4ABC-B241-EE0A84331DFF}"
EndProject
Global
	GlobalSection(SolutionConfigurationPlatforms) = preSolution
		Debug|Any CPU = Debug|Any CPU
		Release|Any CPU = Release|Any CPU
	EndGlobalSection
	GlobalSection(ProjectConfigurationPlatforms) = postSolution
		{2542329F-423B-4ABC-B241-EE0A84331DFF}.Debug|Any CPU.ActiveCfg = Debug|Any CPU
		{2542329F-423B-4ABC-B241-EE0A84331DFF}.Debug|Any CPU.Build.0 = Debug|Any CPU
		{2542329F-423B-4ABC-B241-EE0A84331DFF}.Release|Any CPU.ActiveCfg = Release|Any CPU
		{2542329F-423B-4ABC-B241-EE0A84331DFF}.Release|Any CPU.Build.0 = Release|Any CPU
	EndGlobalSection
	GlobalSection(SolutionProperties) = preSolution
		HideSolutionNode = FALSE
	EndGlobalSection
	GlobalSection(ExtensibilityGlobals) = postSolution
		SolutionGuid = {208EA91B-1D3C-45D9-8D60-C2F014796982}
	EndGlobalSection
EndGlobal
