
Microsoft Visual Studio Solution File, Format Version 12.00
# Visual Studio Version 16
VisualStudioVersion = 16.0.29709.97
MinimumVisualStudioVersion = 10.0.40219.1
Project("{FAE04EC0-301F-11D3-BF4B-00C04F79EFBC}") = "Module1", "Module1\Module1.csproj", "{EF3FBB76-4F80-4B6D-BFAE-D7E7A18984FE}"
EndProject
Project("{FAE04EC0-301F-11D3-BF4B-00C04F79EFBC}") = "Library", "Library\Library.csproj", "{DD5885B0-FBA5-4559-979C-AB6E2B858F62}"
EndProject
Global
	GlobalSection(SolutionConfigurationPlatforms) = preSolution
		Debug|Any CPU = Debug|Any CPU
		Release|Any CPU = Release|Any CPU
	EndGlobalSection
	GlobalSection(ProjectConfigurationPlatforms) = postSolution
		{EF3FBB76-4F80-4B6D-BFAE-D7E7A18984FE}.Debug|Any CPU.ActiveCfg = Debug|Any CPU
		{EF3FBB76-4F80-4B6D-BFAE-D7E7A18984FE}.Debug|Any CPU.Build.0 = Debug|Any CPU
		{EF3FBB76-4F80-4B6D-BFAE-D7E7A18984FE}.Release|Any CPU.ActiveCfg = Release|Any CPU
		{EF3FBB76-4F80-4B6D-BFAE-D7E7A18984FE}.Release|Any CPU.Build.0 = Release|Any CPU
		{DD5885B0-FBA5-4559-979C-AB6E2B858F62}.Debug|Any CPU.ActiveCfg = Debug|Any CPU
		{DD5885B0-FBA5-4559-979C-AB6E2B858F62}.Debug|Any CPU.Build.0 = Debug|Any CPU
		{DD5885B0-FBA5-4559-979C-AB6E2B858F62}.Release|Any CPU.ActiveCfg = Release|Any CPU
		{DD5885B0-FBA5-4559-979C-AB6E2B858F62}.Release|Any CPU.Build.0 = Release|Any CPU
	EndGlobalSection
	GlobalSection(SolutionProperties) = preSolution
		HideSolutionNode = FALSE
	EndGlobalSection
	GlobalSection(ExtensibilityGlobals) = postSolution
		SolutionGuid = {1950B580-3C3D-4950-9691-1D21DE228F9E}
	EndGlobalSection
EndGlobal
