
Microsoft Visual Studio Solution File, Format Version 12.00
# Visual Studio Version 16
VisualStudioVersion = 16.0.29709.97
MinimumVisualStudioVersion = 10.0.40219.1
Project("{FAE04EC0-301F-11D3-BF4B-00C04F79EFBC}") = "Lesson3", "Lesson3\Lesson3.csproj", "{C09F5512-6D31-4A16-89FE-6B9DD815E533}"
EndProject
Project("{FAE04EC0-301F-11D3-BF4B-00C04F79EFBC}") = "Library_dll", "Simple_number\Library_dll.csproj", "{5BAEDE58-C155-4D03-94A6-2A4A355F7845}"
EndProject
Project("{2150E333-8FDC-42A3-9474-1A3956D46DE8}") = "Solution Items", "Solution Items", "{925B831A-3A77-47DF-B880-9C7E024EF592}"
	ProjectSection(SolutionItems) = preProject
		..\..\..\Downloads\Telegram Desktop\test.dll = ..\..\..\Downloads\Telegram Desktop\test.dll
	EndProjectSection
EndProject
Global
	GlobalSection(SolutionConfigurationPlatforms) = preSolution
		Debug|Any CPU = Debug|Any CPU
		Release|Any CPU = Release|Any CPU
	EndGlobalSection
	GlobalSection(ProjectConfigurationPlatforms) = postSolution
		{C09F5512-6D31-4A16-89FE-6B9DD815E533}.Debug|Any CPU.ActiveCfg = Debug|Any CPU
		{C09F5512-6D31-4A16-89FE-6B9DD815E533}.Debug|Any CPU.Build.0 = Debug|Any CPU
		{C09F5512-6D31-4A16-89FE-6B9DD815E533}.Release|Any CPU.ActiveCfg = Release|Any CPU
		{C09F5512-6D31-4A16-89FE-6B9DD815E533}.Release|Any CPU.Build.0 = Release|Any CPU
		{5BAEDE58-C155-4D03-94A6-2A4A355F7845}.Debug|Any CPU.ActiveCfg = Debug|Any CPU
		{5BAEDE58-C155-4D03-94A6-2A4A355F7845}.Debug|Any CPU.Build.0 = Debug|Any CPU
		{5BAEDE58-C155-4D03-94A6-2A4A355F7845}.Release|Any CPU.ActiveCfg = Release|Any CPU
		{5BAEDE58-C155-4D03-94A6-2A4A355F7845}.Release|Any CPU.Build.0 = Release|Any CPU
	EndGlobalSection
	GlobalSection(SolutionProperties) = preSolution
		HideSolutionNode = FALSE
	EndGlobalSection
	GlobalSection(ExtensibilityGlobals) = postSolution
		SolutionGuid = {BC60CE08-1575-47F6-AAF7-8EFB428B6267}
	EndGlobalSection
EndGlobal
